
Microsoft Visual Studio Solution File, Format Version 12.00
# Visual Studio Version 16
VisualStudioVersion = 16.0.28803.452
MinimumVisualStudioVersion = 10.0.40219.1
Project("{FAE04EC0-301F-11D3-BF4B-00C04F79EFBC}") = "Simitone.Installer.UI", "SimitoneInstaller\Simitone.Installer.UI.csproj", "{4E5A019F-AED8-4122-8AC4-01595BA1B422}"
EndProject
Project("{FAE04EC0-301F-11D3-BF4B-00C04F79EFBC}") = "Installer", "Installer\Installer.csproj", "{5ADAA2BC-EBD7-4E45-9EFA-F541DC99142E}"
EndProject
Project("{FAE04EC0-301F-11D3-BF4B-00C04F79EFBC}") = "Sayonara", "Sayonara\Sayonara.csproj", "{8E1F2BE5-11AE-4E66-A112-44D0A26B61CD}"
EndProject
Project("{FAE04EC0-301F-11D3-BF4B-00C04F79EFBC}") = "Installer.Sayonara", "Installer.Sayonara\Installer.Sayonara.csproj", "{654A7FF8-9CD4-45BB-95AA-602CD0B77A16}"
EndProject
Global
	GlobalSection(SolutionConfigurationPlatforms) = preSolution
		Debug|Any CPU = Debug|Any CPU
		Release|Any CPU = Release|Any CPU
	EndGlobalSection
	GlobalSection(ProjectConfigurationPlatforms) = postSolution
		{4E5A019F-AED8-4122-8AC4-01595BA1B422}.Debug|Any CPU.ActiveCfg = Debug|Any CPU
		{4E5A019F-AED8-4122-8AC4-01595BA1B422}.Debug|Any CPU.Build.0 = Debug|Any CPU
		{4E5A019F-AED8-4122-8AC4-01595BA1B422}.Release|Any CPU.ActiveCfg = Release|Any CPU
		{4E5A019F-AED8-4122-8AC4-01595BA1B422}.Release|Any CPU.Build.0 = Release|Any CPU
		{5ADAA2BC-EBD7-4E45-9EFA-F541DC99142E}.Debug|Any CPU.ActiveCfg = Debug|Any CPU
		{5ADAA2BC-EBD7-4E45-9EFA-F541DC99142E}.Debug|Any CPU.Build.0 = Debug|Any CPU
		{5ADAA2BC-EBD7-4E45-9EFA-F541DC99142E}.Release|Any CPU.ActiveCfg = Release|Any CPU
		{5ADAA2BC-EBD7-4E45-9EFA-F541DC99142E}.Release|Any CPU.Build.0 = Release|Any CPU
		{8E1F2BE5-11AE-4E66-A112-44D0A26B61CD}.Debug|Any CPU.ActiveCfg = Debug|Any CPU
		{8E1F2BE5-11AE-4E66-A112-44D0A26B61CD}.Debug|Any CPU.Build.0 = Debug|Any CPU
		{8E1F2BE5-11AE-4E66-A112-44D0A26B61CD}.Release|Any CPU.ActiveCfg = Release|Any CPU
		{8E1F2BE5-11AE-4E66-A112-44D0A26B61CD}.Release|Any CPU.Build.0 = Release|Any CPU
		{654A7FF8-9CD4-45BB-95AA-602CD0B77A16}.Debug|Any CPU.ActiveCfg = Debug|Any CPU
		{654A7FF8-9CD4-45BB-95AA-602CD0B77A16}.Debug|Any CPU.Build.0 = Debug|Any CPU
		{654A7FF8-9CD4-45BB-95AA-602CD0B77A16}.Release|Any CPU.ActiveCfg = Release|Any CPU
		{654A7FF8-9CD4-45BB-95AA-602CD0B77A16}.Release|Any CPU.Build.0 = Release|Any CPU
	EndGlobalSection
	GlobalSection(SolutionProperties) = preSolution
		HideSolutionNode = FALSE
	EndGlobalSection
	GlobalSection(ExtensibilityGlobals) = postSolution
		SolutionGuid = {E6A3C6EA-4BA0-4735-8118-7E9F35F05D59}
	EndGlobalSection
EndGlobal
